{
  "name": "validator-pizza-node",
  "version": "1.0.2",
  "lockfileVersion": 3,
  "requires": true,
  "packages": {
    "": {
      "name": "validator-pizza-node",
      "version": "1.0.2",
      "license": "MIT",
      "dependencies": {
        "validator-pizza-node": "^1.0.3"
      }
    },
    "node_modules/validator-pizza-node": {
      "version": "1.0.3",
      "resolved": "https://registry.npmjs.org/validator-pizza-node/-/validator-pizza-node-1.0.3.tgz",
      "integrity": "sha512-vrQm1kip30sYSQJ5kWTY/grE1CRjrkmTnQ2B1GAsnQb7sGt16Pe0OzK+pDlEzRVw2aSekYkdzrP5Nor/ByjRPw=="
    }
  }
}
